
Microsoft Visual Studio Solution File, Format Version 12.00
# Visual Studio 15
VisualStudioVersion = 15.0.28307.329
MinimumVisualStudioVersion = 10.0.40219.1
Project("{FAE04EC0-301F-11D3-BF4B-00C04F79EFBC}") = "Simple Notes", "Simple Notes\Simple Notes.csproj", "{29490171-AAEC-405B-BF45-BB2463C51FFC}"
EndProject
Project("{2150E333-8FDC-42A3-9474-1A3956D46DE8}") = "Solution Items", "Solution Items", "{27587955-977E-4EAF-8796-3E743E6F2C36}"
EndProject
Global
	GlobalSection(SolutionConfigurationPlatforms) = preSolution
		Debug|Any CPU = Debug|Any CPU
		Release|Any CPU = Release|Any CPU
	EndGlobalSection
	GlobalSection(ProjectConfigurationPlatforms) = postSolution
		{29490171-AAEC-405B-BF45-BB2463C51FFC}.Debug|Any CPU.ActiveCfg = Release|Any CPU
		{29490171-AAEC-405B-BF45-BB2463C51FFC}.Debug|Any CPU.Build.0 = Release|Any CPU
		{29490171-AAEC-405B-BF45-BB2463C51FFC}.Release|Any CPU.ActiveCfg = Release|Any CPU
		{29490171-AAEC-405B-BF45-BB2463C51FFC}.Release|Any CPU.Build.0 = Release|Any CPU
	EndGlobalSection
	GlobalSection(SolutionProperties) = preSolution
		HideSolutionNode = FALSE
	EndGlobalSection
	GlobalSection(ExtensibilityGlobals) = postSolution
		SolutionGuid = {E4880B02-7206-4BD7-89EA-47A5357C4989}
	EndGlobalSection
EndGlobal
